{
  "name": "assets",
  "lockfileVersion": 2,
  "requires": true,
  "packages": {
    "": {
      "dependencies": {
        "blurhash": "^2.0.5"
      }
    },
    "node_modules/blurhash": {
      "version": "2.0.5",
      "resolved": "https://registry.npmjs.org/blurhash/-/blurhash-2.0.5.tgz",
      "integrity": "sha512-cRygWd7kGBQO3VEhPiTgq4Wc43ctsM+o46urrmPOiuAe+07fzlSB9OJVdpgDL0jPqXUVQ9ht7aq7kxOeJHRK+w=="
    }
  },
  "dependencies": {
    "blurhash": {
      "version": "2.0.5",
      "resolved": "https://registry.npmjs.org/blurhash/-/blurhash-2.0.5.tgz",
      "integrity": "sha512-cRygWd7kGBQO3VEhPiTgq4Wc43ctsM+o46urrmPOiuAe+07fzlSB9OJVdpgDL0jPqXUVQ9ht7aq7kxOeJHRK+w=="
    }
  }
}
